
Microsoft Visual Studio Solution File, Format Version 12.00
Project("{FAE04EC0-301F-11D3-BF4B-00C04F79EFBC}") = "Api", "Api\Api.csproj", "{9AB6EA3F-B310-413A-AB7E-2E12C49D416D}"
EndProject
Global
	GlobalSection(SolutionConfigurationPlatforms) = preSolution
		Debug|Any CPU = Debug|Any CPU
		Release|Any CPU = Release|Any CPU
	EndGlobalSection
	GlobalSection(ProjectConfigurationPlatforms) = postSolution
		{9AB6EA3F-B310-413A-AB7E-2E12C49D416D}.Debug|Any CPU.ActiveCfg = Debug|Any CPU
		{9AB6EA3F-B310-413A-AB7E-2E12C49D416D}.Debug|Any CPU.Build.0 = Debug|Any CPU
		{9AB6EA3F-B310-413A-AB7E-2E12C49D416D}.Release|Any CPU.ActiveCfg = Release|Any CPU
		{9AB6EA3F-B310-413A-AB7E-2E12C49D416D}.Release|Any CPU.Build.0 = Release|Any CPU
	EndGlobalSection
EndGlobal
